
Microsoft Visual Studio Solution File, Format Version 12.00
# Visual Studio Version 17
VisualStudioVersion = 17.7.34031.279
MinimumVisualStudioVersion = 10.0.40219.1
Project("{FAE04EC0-301F-11D3-BF4B-00C04F79EFBC}") = "TumakovLab9", "TumakovLab9\TumakovLab9.csproj", "{BE8BE8D7-7FFC-4C6E-883A-57CF9E4E88D6}"
EndProject
Project("{FAE04EC0-301F-11D3-BF4B-00C04F79EFBC}") = "TaskManager", "TaskManager\TaskManager.csproj", "{F259182A-1ADE-456C-AA27-CAA3B3A59D0F}"
EndProject
Global
	GlobalSection(SolutionConfigurationPlatforms) = preSolution
		Debug|Any CPU = Debug|Any CPU
		Release|Any CPU = Release|Any CPU
	EndGlobalSection
	GlobalSection(ProjectConfigurationPlatforms) = postSolution
		{BE8BE8D7-7FFC-4C6E-883A-57CF9E4E88D6}.Debug|Any CPU.ActiveCfg = Debug|Any CPU
		{BE8BE8D7-7FFC-4C6E-883A-57CF9E4E88D6}.Debug|Any CPU.Build.0 = Debug|Any CPU
		{BE8BE8D7-7FFC-4C6E-883A-57CF9E4E88D6}.Release|Any CPU.ActiveCfg = Release|Any CPU
		{BE8BE8D7-7FFC-4C6E-883A-57CF9E4E88D6}.Release|Any CPU.Build.0 = Release|Any CPU
		{F259182A-1ADE-456C-AA27-CAA3B3A59D0F}.Debug|Any CPU.ActiveCfg = Debug|Any CPU
		{F259182A-1ADE-456C-AA27-CAA3B3A59D0F}.Debug|Any CPU.Build.0 = Debug|Any CPU
		{F259182A-1ADE-456C-AA27-CAA3B3A59D0F}.Release|Any CPU.ActiveCfg = Release|Any CPU
		{F259182A-1ADE-456C-AA27-CAA3B3A59D0F}.Release|Any CPU.Build.0 = Release|Any CPU
	EndGlobalSection
	GlobalSection(SolutionProperties) = preSolution
		HideSolutionNode = FALSE
	EndGlobalSection
	GlobalSection(ExtensibilityGlobals) = postSolution
		SolutionGuid = {7A00A577-FA3F-46DE-9C92-A59758E4BB40}
	EndGlobalSection
EndGlobal
